{
  "nodes": {
    "home-manager": {
      "inputs": {
        "nixpkgs": [
          "nixpkgs"
        ]
      },
      "locked": {
        "lastModified": 1720134587,
        "narHash": "sha256-/BN0Wp0FzaEHtGJegss5OgqmixZuP6lhnTRDsDeFoJ4=",
        "owner": "nix-community",
        "repo": "home-manager",
        "rev": "6ea6fafa3e0f1691ec1555ce4281d7d993546131",
        "type": "github"
      },
      "original": {
        "owner": "nix-community",
        "repo": "home-manager",
        "type": "github"
      }
    },
    "nix-darwin": {
      "inputs": {
        "nixpkgs": [
          "nixpkgs"
        ]
      },
      "locked": {
        "lastModified": 1719845423,
        "narHash": "sha256-ZLHDmWAsHQQKnmfyhYSHJDlt8Wfjv6SQhl2qek42O7A=",
        "owner": "LnL7",
        "repo": "nix-darwin",
        "rev": "ec12b88104d6c117871fad55e931addac4626756",
        "type": "github"
      },
      "original": {
        "owner": "LnL7",
        "repo": "nix-darwin",
        "type": "github"
      }
    },
    "nixpkgs": {
      "locked": {
        "lastModified": 1720058333,
        "narHash": "sha256-gM2RCi5XkxmcsZ44pUkKIYBiBMfZ6u7MdcZcykmccrs=",
        "owner": "NixOS",
        "repo": "nixpkgs",
        "rev": "6842b061970bf96965d66fcc86a28e1f719aae95",
        "type": "github"
      },
      "original": {
        "owner": "NixOS",
        "ref": "nixpkgs-unstable",
        "repo": "nixpkgs",
        "type": "github"
      }
    },
    "root": {
      "inputs": {
        "home-manager": "home-manager",
        "nix-darwin": "nix-darwin",
        "nixpkgs": "nixpkgs",
        "rust-overlay": "rust-overlay"
      }
    },
    "rust-overlay": {
      "inputs": {
        "nixpkgs": [
          "nixpkgs"
        ]
      },
      "locked": {
        "lastModified": 1720059535,
        "narHash": "sha256-h/O3PoV3KvQG4tC5UpANBZOsptAZCzEGiwyi+3oSpYc=",
        "owner": "oxalica",
        "repo": "rust-overlay",
        "rev": "8deeed2dfa21837c7792b46b6a9b2e73f97b472b",
        "type": "github"
      },
      "original": {
        "owner": "oxalica",
        "repo": "rust-overlay",
        "type": "github"
      }
    }
  },
  "root": "root",
  "version": 7
}
